// !$*UTF8*$!
{
	archiveVersion = 1;
	classes = {
	};
	objectVersion = 55;
	objects = {

/* Begin PBXBuildFile section */
		A08206AE277DCB050036D8B9 /* PersistenceController.swift in Sources */ = {isa = PBXBuildFile; fileRef = A08206AD277DCB050036D8B9 /* PersistenceController.swift */; };
		A08206B0277DE1C10036D8B9 /* AddEditJournalViewModel.swift in Sources */ = {isa = PBXBuildFile; fileRef = A08206AF277DE1C10036D8B9 /* AddEditJournalViewModel.swift */; };
		A082353B27798A88006B9FAE /* LocationMO+CoreDataProperties.swift in Sources */ = {isa = PBXBuildFile; fileRef = A082353A27798A88006B9FAE /* LocationMO+CoreDataProperties.swift */; };
		A082353D27798A94006B9FAE /* MoodMO+CoreDataProperties.swift in Sources */ = {isa = PBXBuildFile; fileRef = A082353C27798A94006B9FAE /* MoodMO+CoreDataProperties.swift */; };
		A082353F27798AE0006B9FAE /* MoodMO+CoreDataProperties.swift in Sources */ = {isa = PBXBuildFile; fileRef = A082353E27798AE0006B9FAE /* MoodMO+CoreDataProperties.swift */; };
		A0823541277A314B006B9FAE /* JournalCardView.swift in Sources */ = {isa = PBXBuildFile; fileRef = A0823540277A314B006B9FAE /* JournalCardView.swift */; };
		A0823563277B140F006B9FAE /* AddJournalView.swift in Sources */ = {isa = PBXBuildFile; fileRef = A0823562277B140F006B9FAE /* AddJournalView.swift */; };
		A0823565277B2525006B9FAE /* OptionalBinding.swift in Sources */ = {isa = PBXBuildFile; fileRef = A0823564277B2525006B9FAE /* OptionalBinding.swift */; };
		A0823567277B7704006B9FAE /* LegacyTextView.swift in Sources */ = {isa = PBXBuildFile; fileRef = A0823566277B7704006B9FAE /* LegacyTextView.swift */; };
		A082C43F279422D10040B969 /* DashboardCardView.swift in Sources */ = {isa = PBXBuildFile; fileRef = A082C43E279422D10040B969 /* DashboardCardView.swift */; };
		A083D53D27993F4A00FFD71D /* Nunito-Regular.ttf in Resources */ = {isa = PBXBuildFile; fileRef = A083D53627993F4A00FFD71D /* Nunito-Regular.ttf */; };
		A083D53E27993F4A00FFD71D /* Nunito-Bold.ttf in Resources */ = {isa = PBXBuildFile; fileRef = A083D53727993F4A00FFD71D /* Nunito-Bold.ttf */; };
		A083D53F27993F4A00FFD71D /* Nunito-SemiBold.ttf in Resources */ = {isa = PBXBuildFile; fileRef = A083D53827993F4A00FFD71D /* Nunito-SemiBold.ttf */; };
		A083D54027993F4A00FFD71D /* Nunito-Light.ttf in Resources */ = {isa = PBXBuildFile; fileRef = A083D53927993F4A00FFD71D /* Nunito-Light.ttf */; };
		A083D54127993F4A00FFD71D /* Nunito-Medium.ttf in Resources */ = {isa = PBXBuildFile; fileRef = A083D53A27993F4A00FFD71D /* Nunito-Medium.ttf */; };
		A083D54227993F4A00FFD71D /* Nunito-Italic.ttf in Resources */ = {isa = PBXBuildFile; fileRef = A083D53B27993F4A00FFD71D /* Nunito-Italic.ttf */; };
		A083D54327993F4A00FFD71D /* Nunito-Black.ttf in Resources */ = {isa = PBXBuildFile; fileRef = A083D53C27993F4A00FFD71D /* Nunito-Black.ttf */; };
		A083D5462799680900FFD71D /* Dashboard.swift in Sources */ = {isa = PBXBuildFile; fileRef = A083D5452799680900FFD71D /* Dashboard.swift */; };
		A083D5482799738D00FFD71D /* PlacesView.swift in Sources */ = {isa = PBXBuildFile; fileRef = A083D5472799738D00FFD71D /* PlacesView.swift */; };
		A083D54A2799777300FFD71D /* PlacesViewModel.swift in Sources */ = {isa = PBXBuildFile; fileRef = A083D5492799777300FFD71D /* PlacesViewModel.swift */; };
		A083D54C2799817500FFD71D /* PlacesCoreDataHelper.swift in Sources */ = {isa = PBXBuildFile; fileRef = A083D54B2799817500FFD71D /* PlacesCoreDataHelper.swift */; };
		A08937FB278E9CFC0049D720 /* Alert+Extension.swift in Sources */ = {isa = PBXBuildFile; fileRef = A08937FA278E9CFC0049D720 /* Alert+Extension.swift */; };
		A08937FE278F13CB0049D720 /* Location.swift in Sources */ = {isa = PBXBuildFile; fileRef = A08937FD278F13CB0049D720 /* Location.swift */; };
		A09D7A4C2778687900D11842 /* EtchedApp.swift in Sources */ = {isa = PBXBuildFile; fileRef = A09D7A4B2778687900D11842 /* EtchedApp.swift */; };
		A09D7A4E2778687900D11842 /* ContentView.swift in Sources */ = {isa = PBXBuildFile; fileRef = A09D7A4D2778687900D11842 /* ContentView.swift */; };
		A09D7A502778687B00D11842 /* Assets.xcassets in Resources */ = {isa = PBXBuildFile; fileRef = A09D7A4F2778687B00D11842 /* Assets.xcassets */; };
		A09D7A532778687B00D11842 /* Preview Assets.xcassets in Resources */ = {isa = PBXBuildFile; fileRef = A09D7A522778687B00D11842 /* Preview Assets.xcassets */; };
		A09D7A5B2778698C00D11842 /* OnboardingView.swift in Sources */ = {isa = PBXBuildFile; fileRef = A09D7A5A2778698C00D11842 /* OnboardingView.swift */; };
		A09D7A5D277869A000D11842 /* OnboardingPageView.swift in Sources */ = {isa = PBXBuildFile; fileRef = A09D7A5C277869A000D11842 /* OnboardingPageView.swift */; };
		A09D7A5F277869C700D11842 /* Page.swift in Sources */ = {isa = PBXBuildFile; fileRef = A09D7A5E277869C700D11842 /* Page.swift */; };
		A09D7A612778726B00D11842 /* ViewRouter.swift in Sources */ = {isa = PBXBuildFile; fileRef = A09D7A602778726B00D11842 /* ViewRouter.swift */; };
		A09D7A64277893B600D11842 /* MainTabView.swift in Sources */ = {isa = PBXBuildFile; fileRef = A09D7A63277893B600D11842 /* MainTabView.swift */; };
		A09D7A66277896B200D11842 /* MainTabPage.swift in Sources */ = {isa = PBXBuildFile; fileRef = A09D7A65277896B200D11842 /* MainTabPage.swift */; };
		A09D7A682778B34500D11842 /* JournalListView.swift in Sources */ = {isa = PBXBuildFile; fileRef = A09D7A672778B34500D11842 /* JournalListView.swift */; };
		A09D7A6A2778C25B00D11842 /* Journal.swift in Sources */ = {isa = PBXBuildFile; fileRef = A09D7A692778C25B00D11842 /* Journal.swift */; };
		A09D7A6C2778CEE700D11842 /* JournalListViewModel.swift in Sources */ = {isa = PBXBuildFile; fileRef = A09D7A6B2778CEE700D11842 /* JournalListViewModel.swift */; };
		A09D7A722778D41D00D11842 /* JournalMO.xcdatamodeld in Sources */ = {isa = PBXBuildFile; fileRef = A09D7A702778D41D00D11842 /* JournalMO.xcdatamodeld */; };
		A09D7A792778DF1F00D11842 /* LocationMO+CoreDataClass.swift in Sources */ = {isa = PBXBuildFile; fileRef = A09D7A732778DF1F00D11842 /* LocationMO+CoreDataClass.swift */; };
		A09D7A7A2778DF1F00D11842 /* LocationMO+CoreDataProperties.swift in Sources */ = {isa = PBXBuildFile; fileRef = A09D7A742778DF1F00D11842 /* LocationMO+CoreDataProperties.swift */; };
		A09D7A7B2778DF1F00D11842 /* MoodMO+CoreDataClass.swift in Sources */ = {isa = PBXBuildFile; fileRef = A09D7A752778DF1F00D11842 /* MoodMO+CoreDataClass.swift */; };
		A09D7A7D2778DF1F00D11842 /* JournalMO+CoreDataClass.swift in Sources */ = {isa = PBXBuildFile; fileRef = A09D7A772778DF1F00D11842 /* JournalMO+CoreDataClass.swift */; };
		A09D7A7E2778DF1F00D11842 /* JournalMO+CoreDataProperties.swift in Sources */ = {isa = PBXBuildFile; fileRef = A09D7A782778DF1F00D11842 /* JournalMO+CoreDataProperties.swift */; };
		A09D7A802778E6C700D11842 /* CoreDataHelper.swift in Sources */ = {isa = PBXBuildFile; fileRef = A09D7A7F2778E6C700D11842 /* CoreDataHelper.swift */; };
		A09E4C07278DA02100EC2552 /* LocationManager.swift in Sources */ = {isa = PBXBuildFile; fileRef = A09E4C06278DA02100EC2552 /* LocationManager.swift */; };
		A09E4C0C278DA6BF00EC2552 /* AddPlaceViewModel.swift in Sources */ = {isa = PBXBuildFile; fileRef = A09E4C0B278DA6BF00EC2552 /* AddPlaceViewModel.swift */; };
		A09E4C0E278DA6CF00EC2552 /* AddPlaceView.swift in Sources */ = {isa = PBXBuildFile; fileRef = A09E4C0D278DA6CF00EC2552 /* AddPlaceView.swift */; };
		A09FE8C427897FCB00A044D2 /* Date+Extension.swift in Sources */ = {isa = PBXBuildFile; fileRef = A09FE8C327897FCA00A044D2 /* Date+Extension.swift */; };
		A09FE8C627897FDB00A044D2 /* View+Extension.swift in Sources */ = {isa = PBXBuildFile; fileRef = A09FE8C527897FDB00A044D2 /* View+Extension.swift */; };
		A09FE8C827897FEA00A044D2 /* FileManager+Extension.swift in Sources */ = {isa = PBXBuildFile; fileRef = A09FE8C727897FEA00A044D2 /* FileManager+Extension.swift */; };
		A09FE8CE278AB46E00A044D2 /* JournalDetailView.swift in Sources */ = {isa = PBXBuildFile; fileRef = A09FE8CD278AB46E00A044D2 /* JournalDetailView.swift */; };
		A09FE8D0278AE65C00A044D2 /* UIImage+Extension.swift in Sources */ = {isa = PBXBuildFile; fileRef = A09FE8CF278AE65C00A044D2 /* UIImage+Extension.swift */; };
		A09FE8D2278AEC4900A044D2 /* DetailViewModel.swift in Sources */ = {isa = PBXBuildFile; fileRef = A09FE8D1278AEC4900A044D2 /* DetailViewModel.swift */; };
		A09FE8D4278C3BF700A044D2 /* ImagePickerController.swift in Sources */ = {isa = PBXBuildFile; fileRef = A09FE8D3278C3BF700A044D2 /* ImagePickerController.swift */; };
		A0A024DD279DCC3B00B2563E /* Font+Extension.swift in Sources */ = {isa = PBXBuildFile; fileRef = A0A024DC279DCC3B00B2563E /* Font+Extension.swift */; };
		A0A024E1279DCEEA00B2563E /* MoodChartView.swift in Sources */ = {isa = PBXBuildFile; fileRef = A0A024E0279DCEEA00B2563E /* MoodChartView.swift */; };
		A0A024E4279DD47E00B2563E /* MoodChartViewModel.swift in Sources */ = {isa = PBXBuildFile; fileRef = A0A024E3279DD47E00B2563E /* MoodChartViewModel.swift */; };
		A0A12ECE27866E7600945E6F /* PhotoPickerController.swift in Sources */ = {isa = PBXBuildFile; fileRef = A0A12ECD27866E7600945E6F /* PhotoPickerController.swift */; };
		A0A1314E279370E100FDD6D1 /* DashboardView.swift in Sources */ = {isa = PBXBuildFile; fileRef = A0A1314D279370E100FDD6D1 /* DashboardView.swift */; };
		A0AC7B2E27A2D4A20030CD40 /* SetPassCode.swift in Sources */ = {isa = PBXBuildFile; fileRef = A0AC7B2D27A2D4A10030CD40 /* SetPassCode.swift */; };
		A0AD0B48277CDCBB006EE7F7 /* EtchedTests.swift in Sources */ = {isa = PBXBuildFile; fileRef = A0AD0B47277CDCBB006EE7F7 /* EtchedTests.swift */; };
		A0AD0B4F277CF0E4006EE7F7 /* JournalViewModelTests.swift in Sources */ = {isa = PBXBuildFile; fileRef = A0AD0B4E277CF0E4006EE7F7 /* JournalViewModelTests.swift */; };
		A0B20CA927A1C8FA007E2125 /* SettingsView.swift in Sources */ = {isa = PBXBuildFile; fileRef = A0B20CA827A1C8FA007E2125 /* SettingsView.swift */; };
		A0B49A0727A58E3E00D9ABE6 /* SwiftKeychainWrapper in Frameworks */ = {isa = PBXBuildFile; productRef = A0B49A0627A58E3E00D9ABE6 /* SwiftKeychainWrapper */; };
		A0B49A0927A6DE2300D9ABE6 /* SettingsViewModel.swift in Sources */ = {isa = PBXBuildFile; fileRef = A0B49A0827A6DE2300D9ABE6 /* SettingsViewModel.swift */; };
		A0B49A0B27A7036100D9ABE6 /* UIApplication.swift in Sources */ = {isa = PBXBuildFile; fileRef = A0B49A0A27A7036100D9ABE6 /* UIApplication.swift */; };
		A0B49A0F27A84CCF00D9ABE6 /* CloudKitManager.swift in Sources */ = {isa = PBXBuildFile; fileRef = A0B49A0E27A84CCF00D9ABE6 /* CloudKitManager.swift */; };
		A0B49A1327A8577900D9ABE6 /* CloudKit.framework in Frameworks */ = {isa = PBXBuildFile; fileRef = A0B49A1227A8577900D9ABE6 /* CloudKit.framework */; };
		A0C4CCE2278420650079B525 /* String+Extension.swift in Sources */ = {isa = PBXBuildFile; fileRef = A0C4CCE1278420650079B525 /* String+Extension.swift */; };
		A0CC9B4A27A0593B00F16287 /* PieChartSlice.swift in Sources */ = {isa = PBXBuildFile; fileRef = A0CC9B4927A0593B00F16287 /* PieChartSlice.swift */; };
		A0CC9B4D27A0599E00F16287 /* ChartData.swift in Sources */ = {isa = PBXBuildFile; fileRef = A0CC9B4C27A0599E00F16287 /* ChartData.swift */; };
		A0CC9B4F27A05A3D00F16287 /* MoodCoreDataHelper.swift in Sources */ = {isa = PBXBuildFile; fileRef = A0CC9B4E27A05A3D00F16287 /* MoodCoreDataHelper.swift */; };
/* End PBXBuildFile section */

/* Begin PBXContainerItemProxy section */
		A0AD0B49277CDCBB006EE7F7 /* PBXContainerItemProxy */ = {
			isa = PBXContainerItemProxy;
			containerPortal = A09D7A402778687900D11842 /* Project object */;
			proxyType = 1;
			remoteGlobalIDString = A09D7A472778687900D11842;
			remoteInfo = Etched;
		};
/* End PBXContainerItemProxy section */

/* Begin PBXFileReference section */
		A08206AD277DCB050036D8B9 /* PersistenceController.swift */ = {isa = PBXFileReference; lastKnownFileType = sourcecode.swift; path = PersistenceController.swift; sourceTree = "<group>"; };
		A08206AF277DE1C10036D8B9 /* AddEditJournalViewModel.swift */ = {isa = PBXFileReference; lastKnownFileType = sourcecode.swift; path = AddEditJournalViewModel.swift; sourceTree = "<group>"; };
		A082353A27798A88006B9FAE /* LocationMO+CoreDataProperties.swift */ = {isa = PBXFileReference; fileEncoding = 4; lastKnownFileType = sourcecode.swift; path = "LocationMO+CoreDataProperties.swift"; sourceTree = "<group>"; };
		A082353C27798A94006B9FAE /* MoodMO+CoreDataProperties.swift */ = {isa = PBXFileReference; fileEncoding = 4; lastKnownFileType = sourcecode.swift; path = "MoodMO+CoreDataProperties.swift"; sourceTree = "<group>"; };
		A082353E27798AE0006B9FAE /* MoodMO+CoreDataProperties.swift */ = {isa = PBXFileReference; fileEncoding = 4; lastKnownFileType = sourcecode.swift; path = "MoodMO+CoreDataProperties.swift"; sourceTree = "<group>"; };
		A0823540277A314B006B9FAE /* JournalCardView.swift */ = {isa = PBXFileReference; lastKnownFileType = sourcecode.swift; path = JournalCardView.swift; sourceTree = "<group>"; };
		A0823562277B140F006B9FAE /* AddJournalView.swift */ = {isa = PBXFileReference; lastKnownFileType = sourcecode.swift; path = AddJournalView.swift; sourceTree = "<group>"; };
		A0823564277B2525006B9FAE /* OptionalBinding.swift */ = {isa = PBXFileReference; lastKnownFileType = sourcecode.swift; path = OptionalBinding.swift; sourceTree = "<group>"; };
		A0823566277B7704006B9FAE /* LegacyTextView.swift */ = {isa = PBXFileReference; lastKnownFileType = sourcecode.swift; path = LegacyTextView.swift; sourceTree = "<group>"; };
		A082C43E279422D10040B969 /* DashboardCardView.swift */ = {isa = PBXFileReference; lastKnownFileType = sourcecode.swift; path = DashboardCardView.swift; sourceTree = "<group>"; };
		A083D53627993F4A00FFD71D /* Nunito-Regular.ttf */ = {isa = PBXFileReference; lastKnownFileType = file; path = "Nunito-Regular.ttf"; sourceTree = "<group>"; };
		A083D53727993F4A00FFD71D /* Nunito-Bold.ttf */ = {isa = PBXFileReference; lastKnownFileType = file; path = "Nunito-Bold.ttf"; sourceTree = "<group>"; };
		A083D53827993F4A00FFD71D /* Nunito-SemiBold.ttf */ = {isa = PBXFileReference; lastKnownFileType = file; path = "Nunito-SemiBold.ttf"; sourceTree = "<group>"; };
		A083D53927993F4A00FFD71D /* Nunito-Light.ttf */ = {isa = PBXFileReference; lastKnownFileType = file; path = "Nunito-Light.ttf"; sourceTree = "<group>"; };
		A083D53A27993F4A00FFD71D /* Nunito-Medium.ttf */ = {isa = PBXFileReference; lastKnownFileType = file; path = "Nunito-Medium.ttf"; sourceTree = "<group>"; };
		A083D53B27993F4A00FFD71D /* Nunito-Italic.ttf */ = {isa = PBXFileReference; lastKnownFileType = file; path = "Nunito-Italic.ttf"; sourceTree = "<group>"; };
		A083D53C27993F4A00FFD71D /* Nunito-Black.ttf */ = {isa = PBXFileReference; lastKnownFileType = file; path = "Nunito-Black.ttf"; sourceTree = "<group>"; };
		A083D5452799680900FFD71D /* Dashboard.swift */ = {isa = PBXFileReference; lastKnownFileType = sourcecode.swift; path = Dashboard.swift; sourceTree = "<group>"; };
		A083D5472799738D00FFD71D /* PlacesView.swift */ = {isa = PBXFileReference; lastKnownFileType = sourcecode.swift; path = PlacesView.swift; sourceTree = "<group>"; };
		A083D5492799777300FFD71D /* PlacesViewModel.swift */ = {isa = PBXFileReference; lastKnownFileType = sourcecode.swift; path = PlacesViewModel.swift; sourceTree = "<group>"; };
		A083D54B2799817500FFD71D /* PlacesCoreDataHelper.swift */ = {isa = PBXFileReference; lastKnownFileType = sourcecode.swift; path = PlacesCoreDataHelper.swift; sourceTree = "<group>"; };
		A08937FA278E9CFC0049D720 /* Alert+Extension.swift */ = {isa = PBXFileReference; lastKnownFileType = sourcecode.swift; path = "Alert+Extension.swift"; sourceTree = "<group>"; };
		A08937FD278F13CB0049D720 /* Location.swift */ = {isa = PBXFileReference; lastKnownFileType = sourcecode.swift; path = Location.swift; sourceTree = "<group>"; };
		A09D7A482778687900D11842 /* Etched.app */ = {isa = PBXFileReference; explicitFileType = wrapper.application; includeInIndex = 0; path = Etched.app; sourceTree = BUILT_PRODUCTS_DIR; };
		A09D7A4B2778687900D11842 /* EtchedApp.swift */ = {isa = PBXFileReference; lastKnownFileType = sourcecode.swift; path = EtchedApp.swift; sourceTree = "<group>"; };
		A09D7A4D2778687900D11842 /* ContentView.swift */ = {isa = PBXFileReference; lastKnownFileType = sourcecode.swift; path = ContentView.swift; sourceTree = "<group>"; };
		A09D7A4F2778687B00D11842 /* Assets.xcassets */ = {isa = PBXFileReference; lastKnownFileType = folder.assetcatalog; path = Assets.xcassets; sourceTree = "<group>"; };
		A09D7A522778687B00D11842 /* Preview Assets.xcassets */ = {isa = PBXFileReference; lastKnownFileType = folder.assetcatalog; path = "Preview Assets.xcassets"; sourceTree = "<group>"; };
		A09D7A5A2778698C00D11842 /* OnboardingView.swift */ = {isa = PBXFileReference; lastKnownFileType = sourcecode.swift; path = OnboardingView.swift; sourceTree = "<group>"; };
		A09D7A5C277869A000D11842 /* OnboardingPageView.swift */ = {isa = PBXFileReference; lastKnownFileType = sourcecode.swift; path = OnboardingPageView.swift; sourceTree = "<group>"; };
		A09D7A5E277869C700D11842 /* Page.swift */ = {isa = PBXFileReference; lastKnownFileType = sourcecode.swift; path = Page.swift; sourceTree = "<group>"; };
		A09D7A602778726B00D11842 /* ViewRouter.swift */ = {isa = PBXFileReference; lastKnownFileType = sourcecode.swift; path = ViewRouter.swift; sourceTree = "<group>"; };
		A09D7A63277893B600D11842 /* MainTabView.swift */ = {isa = PBXFileReference; lastKnownFileType = sourcecode.swift; path = MainTabView.swift; sourceTree = "<group>"; };
		A09D7A65277896B200D11842 /* MainTabPage.swift */ = {isa = PBXFileReference; lastKnownFileType = sourcecode.swift; path = MainTabPage.swift; sourceTree = "<group>"; };
		A09D7A672778B34500D11842 /* JournalListView.swift */ = {isa = PBXFileReference; lastKnownFileType = sourcecode.swift; path = JournalListView.swift; sourceTree = "<group>"; };
		A09D7A692778C25B00D11842 /* Journal.swift */ = {isa = PBXFileReference; lastKnownFileType = sourcecode.swift; path = Journal.swift; sourceTree = "<group>"; };
		A09D7A6B2778CEE700D11842 /* JournalListViewModel.swift */ = {isa = PBXFileReference; lastKnownFileType = sourcecode.swift; path = JournalListViewModel.swift; sourceTree = "<group>"; };
		A09D7A712778D41D00D11842 /* JournalMO.xcdatamodel */ = {isa = PBXFileReference; lastKnownFileType = wrapper.xcdatamodel; path = JournalMO.xcdatamodel; sourceTree = "<group>"; };
		A09D7A732778DF1F00D11842 /* LocationMO+CoreDataClass.swift */ = {isa = PBXFileReference; lastKnownFileType = sourcecode.swift; path = "LocationMO+CoreDataClass.swift"; sourceTree = "<group>"; };
		A09D7A742778DF1F00D11842 /* LocationMO+CoreDataProperties.swift */ = {isa = PBXFileReference; lastKnownFileType = sourcecode.swift; path = "LocationMO+CoreDataProperties.swift"; sourceTree = "<group>"; };
		A09D7A752778DF1F00D11842 /* MoodMO+CoreDataClass.swift */ = {isa = PBXFileReference; lastKnownFileType = sourcecode.swift; path = "MoodMO+CoreDataClass.swift"; sourceTree = "<group>"; };
		A09D7A772778DF1F00D11842 /* JournalMO+CoreDataClass.swift */ = {isa = PBXFileReference; lastKnownFileType = sourcecode.swift; path = "JournalMO+CoreDataClass.swift"; sourceTree = "<group>"; };
		A09D7A782778DF1F00D11842 /* JournalMO+CoreDataProperties.swift */ = {isa = PBXFileReference; lastKnownFileType = sourcecode.swift; path = "JournalMO+CoreDataProperties.swift"; sourceTree = "<group>"; };
		A09D7A7F2778E6C700D11842 /* CoreDataHelper.swift */ = {isa = PBXFileReference; lastKnownFileType = sourcecode.swift; path = CoreDataHelper.swift; sourceTree = "<group>"; };
		A09E4C05278D976B00EC2552 /* Info.plist */ = {isa = PBXFileReference; lastKnownFileType = text.plist; path = Info.plist; sourceTree = "<group>"; };
		A09E4C06278DA02100EC2552 /* LocationManager.swift */ = {isa = PBXFileReference; lastKnownFileType = sourcecode.swift; path = LocationManager.swift; sourceTree = "<group>"; };
		A09E4C0B278DA6BF00EC2552 /* AddPlaceViewModel.swift */ = {isa = PBXFileReference; lastKnownFileType = sourcecode.swift; path = AddPlaceViewModel.swift; sourceTree = "<group>"; };
		A09E4C0D278DA6CF00EC2552 /* AddPlaceView.swift */ = {isa = PBXFileReference; lastKnownFileType = sourcecode.swift; path = AddPlaceView.swift; sourceTree = "<group>"; };
		A09FE8C327897FCA00A044D2 /* Date+Extension.swift */ = {isa = PBXFileReference; lastKnownFileType = sourcecode.swift; path = "Date+Extension.swift"; sourceTree = "<group>"; };
		A09FE8C527897FDB00A044D2 /* View+Extension.swift */ = {isa = PBXFileReference; lastKnownFileType = sourcecode.swift; path = "View+Extension.swift"; sourceTree = "<group>"; };
		A09FE8C727897FEA00A044D2 /* FileManager+Extension.swift */ = {isa = PBXFileReference; lastKnownFileType = sourcecode.swift; path = "FileManager+Extension.swift"; sourceTree = "<group>"; };
		A09FE8CD278AB46E00A044D2 /* JournalDetailView.swift */ = {isa = PBXFileReference; lastKnownFileType = sourcecode.swift; path = JournalDetailView.swift; sourceTree = "<group>"; };
		A09FE8CF278AE65C00A044D2 /* UIImage+Extension.swift */ = {isa = PBXFileReference; lastKnownFileType = sourcecode.swift; path = "UIImage+Extension.swift"; sourceTree = "<group>"; };
		A09FE8D1278AEC4900A044D2 /* DetailViewModel.swift */ = {isa = PBXFileReference; lastKnownFileType = sourcecode.swift; path = DetailViewModel.swift; sourceTree = "<group>"; };
		A09FE8D3278C3BF700A044D2 /* ImagePickerController.swift */ = {isa = PBXFileReference; lastKnownFileType = sourcecode.swift; path = ImagePickerController.swift; sourceTree = "<group>"; };
		A0A024DC279DCC3B00B2563E /* Font+Extension.swift */ = {isa = PBXFileReference; lastKnownFileType = sourcecode.swift; path = "Font+Extension.swift"; sourceTree = "<group>"; };
		A0A024E0279DCEEA00B2563E /* MoodChartView.swift */ = {isa = PBXFileReference; lastKnownFileType = sourcecode.swift; path = MoodChartView.swift; sourceTree = "<group>"; };
		A0A024E3279DD47E00B2563E /* MoodChartViewModel.swift */ = {isa = PBXFileReference; lastKnownFileType = sourcecode.swift; path = MoodChartViewModel.swift; sourceTree = "<group>"; };
		A0A12ECD27866E7600945E6F /* PhotoPickerController.swift */ = {isa = PBXFileReference; lastKnownFileType = sourcecode.swift; path = PhotoPickerController.swift; sourceTree = "<group>"; };
		A0A1314D279370E100FDD6D1 /* DashboardView.swift */ = {isa = PBXFileReference; lastKnownFileType = sourcecode.swift; path = DashboardView.swift; sourceTree = "<group>"; };
		A0AC7B2D27A2D4A10030CD40 /* SetPassCode.swift */ = {isa = PBXFileReference; lastKnownFileType = sourcecode.swift; path = SetPassCode.swift; sourceTree = "<group>"; };
		A0AD0B45277CDCBB006EE7F7 /* EtchedTests.xctest */ = {isa = PBXFileReference; explicitFileType = wrapper.cfbundle; includeInIndex = 0; path = EtchedTests.xctest; sourceTree = BUILT_PRODUCTS_DIR; };
		A0AD0B47277CDCBB006EE7F7 /* EtchedTests.swift */ = {isa = PBXFileReference; lastKnownFileType = sourcecode.swift; path = EtchedTests.swift; sourceTree = "<group>"; };
		A0AD0B4E277CF0E4006EE7F7 /* JournalViewModelTests.swift */ = {isa = PBXFileReference; lastKnownFileType = sourcecode.swift; path = JournalViewModelTests.swift; sourceTree = "<group>"; };
		A0B20CA827A1C8FA007E2125 /* SettingsView.swift */ = {isa = PBXFileReference; lastKnownFileType = sourcecode.swift; path = SettingsView.swift; sourceTree = "<group>"; };
		A0B49A0827A6DE2300D9ABE6 /* SettingsViewModel.swift */ = {isa = PBXFileReference; lastKnownFileType = sourcecode.swift; path = SettingsViewModel.swift; sourceTree = "<group>"; };
		A0B49A0A27A7036100D9ABE6 /* UIApplication.swift */ = {isa = PBXFileReference; lastKnownFileType = sourcecode.swift; path = UIApplication.swift; sourceTree = "<group>"; };
		A0B49A0E27A84CCF00D9ABE6 /* CloudKitManager.swift */ = {isa = PBXFileReference; lastKnownFileType = sourcecode.swift; path = CloudKitManager.swift; sourceTree = "<group>"; };
		A0B49A1027A8576200D9ABE6 /* Etched.entitlements */ = {isa = PBXFileReference; lastKnownFileType = text.plist.entitlements; path = Etched.entitlements; sourceTree = "<group>"; };
		A0B49A1227A8577900D9ABE6 /* CloudKit.framework */ = {isa = PBXFileReference; lastKnownFileType = wrapper.framework; name = CloudKit.framework; path = System/Library/Frameworks/CloudKit.framework; sourceTree = SDKROOT; };
		A0C4CCE1278420650079B525 /* String+Extension.swift */ = {isa = PBXFileReference; lastKnownFileType = sourcecode.swift; path = "String+Extension.swift"; sourceTree = "<group>"; };
		A0CC9B4927A0593B00F16287 /* PieChartSlice.swift */ = {isa = PBXFileReference; lastKnownFileType = sourcecode.swift; path = PieChartSlice.swift; sourceTree = "<group>"; };
		A0CC9B4C27A0599E00F16287 /* ChartData.swift */ = {isa = PBXFileReference; lastKnownFileType = sourcecode.swift; path = ChartData.swift; sourceTree = "<group>"; };
		A0CC9B4E27A05A3D00F16287 /* MoodCoreDataHelper.swift */ = {isa = PBXFileReference; lastKnownFileType = sourcecode.swift; path = MoodCoreDataHelper.swift; sourceTree = "<group>"; };
/* End PBXFileReference section */

/* Begin PBXFrameworksBuildPhase section */
		A09D7A452778687900D11842 /* Frameworks */ = {
			isa = PBXFrameworksBuildPhase;
			buildActionMask = 2147483647;
			files = (
				A0B49A0727A58E3E00D9ABE6 /* SwiftKeychainWrapper in Frameworks */,
				A0B49A1327A8577900D9ABE6 /* CloudKit.framework in Frameworks */,
			);
			runOnlyForDeploymentPostprocessing = 0;
		};
		A0AD0B42277CDCBB006EE7F7 /* Frameworks */ = {
			isa = PBXFrameworksBuildPhase;
			buildActionMask = 2147483647;
			files = (
			);
			runOnlyForDeploymentPostprocessing = 0;
		};
/* End PBXFrameworksBuildPhase section */

/* Begin PBXGroup section */
		A083D53527993F1A00FFD71D /* Fonts */ = {
			isa = PBXGroup;
			children = (
				A083D53C27993F4A00FFD71D /* Nunito-Black.ttf */,
				A083D53727993F4A00FFD71D /* Nunito-Bold.ttf */,
				A083D53B27993F4A00FFD71D /* Nunito-Italic.ttf */,
				A083D53927993F4A00FFD71D /* Nunito-Light.ttf */,
				A083D53A27993F4A00FFD71D /* Nunito-Medium.ttf */,
				A083D53627993F4A00FFD71D /* Nunito-Regular.ttf */,
				A083D53827993F4A00FFD71D /* Nunito-SemiBold.ttf */,
			);
			path = Fonts;
			sourceTree = "<group>";
		};
		A083D544279967EE00FFD71D /* Model */ = {
			isa = PBXGroup;
			children = (
				A083D5452799680900FFD71D /* Dashboard.swift */,
			);
			path = Model;
			sourceTree = "<group>";
		};
		A08937FC278F13AB0049D720 /* Model */ = {
			isa = PBXGroup;
			children = (
				A08937FD278F13CB0049D720 /* Location.swift */,
			);
			path = Model;
			sourceTree = "<group>";
		};
		A09D7A3F2778687900D11842 = {
			isa = PBXGroup;
			children = (
				A09D7A4A2778687900D11842 /* Etched */,
				A0AD0B46277CDCBB006EE7F7 /* EtchedTests */,
				A09D7A492778687900D11842 /* Products */,
				A0B49A1127A8577900D9ABE6 /* Frameworks */,
			);
			sourceTree = "<group>";
		};
		A09D7A492778687900D11842 /* Products */ = {
			isa = PBXGroup;
			children = (
				A09D7A482778687900D11842 /* Etched.app */,
				A0AD0B45277CDCBB006EE7F7 /* EtchedTests.xctest */,
			);
			name = Products;
			sourceTree = "<group>";
		};
		A09D7A4A2778687900D11842 /* Etched */ = {
			isa = PBXGroup;
			children = (
				A0B49A1027A8576200D9ABE6 /* Etched.entitlements */,
				A0B20CA527A1C8AE007E2125 /* Settings */,
				A0A024DE279DCEB200B2563E /* Mood */,
				A083D53527993F1A00FFD71D /* Fonts */,
				A0A1314B279370B600FDD6D1 /* Dashboard */,
				A09E4C08278DA67400EC2552 /* Location */,
				A09E4C05278D976B00EC2552 /* Info.plist */,
				A09FE8CC278AB3CB00A044D2 /* Managers */,
				A09FE8C227897FAF00A044D2 /* Extensions */,
				A09D7A732778DF1F00D11842 /* LocationMO+CoreDataClass.swift */,
				A082353C27798A94006B9FAE /* MoodMO+CoreDataProperties.swift */,
				A082353E27798AE0006B9FAE /* MoodMO+CoreDataProperties.swift */,
				A09D7A742778DF1F00D11842 /* LocationMO+CoreDataProperties.swift */,
				A082353A27798A88006B9FAE /* LocationMO+CoreDataProperties.swift */,
				A09D7A752778DF1F00D11842 /* MoodMO+CoreDataClass.swift */,
				A09D7A772778DF1F00D11842 /* JournalMO+CoreDataClass.swift */,
				A09D7A782778DF1F00D11842 /* JournalMO+CoreDataProperties.swift */,
				A09D7A622778938B00D11842 /* Journal */,
				A09D7A592778696100D11842 /* Onboarding */,
				A09D7A4B2778687900D11842 /* EtchedApp.swift */,
				A09D7A4D2778687900D11842 /* ContentView.swift */,
				A09D7A4F2778687B00D11842 /* Assets.xcassets */,
				A09D7A512778687B00D11842 /* Preview Content */,
				A09D7A602778726B00D11842 /* ViewRouter.swift */,
				A09D7A63277893B600D11842 /* MainTabView.swift */,
				A09D7A65277896B200D11842 /* MainTabPage.swift */,
			);
			path = Etched;
			sourceTree = "<group>";
		};
		A09D7A512778687B00D11842 /* Preview Content */ = {
			isa = PBXGroup;
			children = (
				A09D7A522778687B00D11842 /* Preview Assets.xcassets */,
			);
			path = "Preview Content";
			sourceTree = "<group>";
		};
		A09D7A592778696100D11842 /* Onboarding */ = {
			isa = PBXGroup;
			children = (
				A09D7A5A2778698C00D11842 /* OnboardingView.swift */,
				A09D7A5C277869A000D11842 /* OnboardingPageView.swift */,
				A09D7A5E277869C700D11842 /* Page.swift */,
			);
			path = Onboarding;
			sourceTree = "<group>";
		};
		A09D7A622778938B00D11842 /* Journal */ = {
			isa = PBXGroup;
			children = (
				A09FE8CB278AB31D00A044D2 /* View */,
				A09FE8CA278AB31300A044D2 /* Model */,
				A09FE8C9278AB2FC00A044D2 /* ViewModel */,
				A0823564277B2525006B9FAE /* OptionalBinding.swift */,
				A09D7A702778D41D00D11842 /* JournalMO.xcdatamodeld */,
				A0823566277B7704006B9FAE /* LegacyTextView.swift */,
			);
			path = Journal;
			sourceTree = "<group>";
		};
		A09E4C08278DA67400EC2552 /* Location */ = {
			isa = PBXGroup;
			children = (
				A08937FC278F13AB0049D720 /* Model */,
				A09E4C0A278DA68E00EC2552 /* View */,
				A09E4C09278DA68000EC2552 /* ViewModel */,
			);
			path = Location;
			sourceTree = "<group>";
		};
		A09E4C09278DA68000EC2552 /* ViewModel */ = {
			isa = PBXGroup;
			children = (
				A09E4C0B278DA6BF00EC2552 /* AddPlaceViewModel.swift */,
				A083D5492799777300FFD71D /* PlacesViewModel.swift */,
			);
			path = ViewModel;
			sourceTree = "<group>";
		};
		A09E4C0A278DA68E00EC2552 /* View */ = {
			isa = PBXGroup;
			children = (
				A09E4C0D278DA6CF00EC2552 /* AddPlaceView.swift */,
				A083D5472799738D00FFD71D /* PlacesView.swift */,
			);
			path = View;
			sourceTree = "<group>";
		};
		A09FE8C227897FAF00A044D2 /* Extensions */ = {
			isa = PBXGroup;
			children = (
				A0C4CCE1278420650079B525 /* String+Extension.swift */,
				A09FE8C327897FCA00A044D2 /* Date+Extension.swift */,
				A09FE8C527897FDB00A044D2 /* View+Extension.swift */,
				A09FE8C727897FEA00A044D2 /* FileManager+Extension.swift */,
				A09FE8CF278AE65C00A044D2 /* UIImage+Extension.swift */,
				A08937FA278E9CFC0049D720 /* Alert+Extension.swift */,
				A0A024DC279DCC3B00B2563E /* Font+Extension.swift */,
				A0B49A0A27A7036100D9ABE6 /* UIApplication.swift */,
			);
			path = Extensions;
			sourceTree = "<group>";
		};
		A09FE8C9278AB2FC00A044D2 /* ViewModel */ = {
			isa = PBXGroup;
			children = (
				A09D7A6B2778CEE700D11842 /* JournalListViewModel.swift */,
				A08206AF277DE1C10036D8B9 /* AddEditJournalViewModel.swift */,
				A09FE8D1278AEC4900A044D2 /* DetailViewModel.swift */,
			);
			path = ViewModel;
			sourceTree = "<group>";
		};
		A09FE8CA278AB31300A044D2 /* Model */ = {
			isa = PBXGroup;
			children = (
				A09D7A692778C25B00D11842 /* Journal.swift */,
			);
			path = Model;
			sourceTree = "<group>";
		};
		A09FE8CB278AB31D00A044D2 /* View */ = {
			isa = PBXGroup;
			children = (
				A0A12ECD27866E7600945E6F /* PhotoPickerController.swift */,
				A09D7A672778B34500D11842 /* JournalListView.swift */,
				A0823540277A314B006B9FAE /* JournalCardView.swift */,
				A0823562277B140F006B9FAE /* AddJournalView.swift */,
				A09FE8CD278AB46E00A044D2 /* JournalDetailView.swift */,
				A09FE8D3278C3BF700A044D2 /* ImagePickerController.swift */,
			);
			path = View;
			sourceTree = "<group>";
		};
		A09FE8CC278AB3CB00A044D2 /* Managers */ = {
			isa = PBXGroup;
			children = (
				A09D7A7F2778E6C700D11842 /* CoreDataHelper.swift */,
				A08206AD277DCB050036D8B9 /* PersistenceController.swift */,
				A09E4C06278DA02100EC2552 /* LocationManager.swift */,
				A083D54B2799817500FFD71D /* PlacesCoreDataHelper.swift */,
				A0CC9B4E27A05A3D00F16287 /* MoodCoreDataHelper.swift */,
			);
			path = Managers;
			sourceTree = "<group>";
		};
		A0A024DE279DCEB200B2563E /* Mood */ = {
			isa = PBXGroup;
			children = (
				A0CC9B4B27A0599300F16287 /* Model */,
				A0A024E2279DD44400B2563E /* ViewModel */,
				A0A024DF279DCEC800B2563E /* View */,
			);
			path = Mood;
			sourceTree = "<group>";
		};
		A0A024DF279DCEC800B2563E /* View */ = {
			isa = PBXGroup;
			children = (
				A0A024E0279DCEEA00B2563E /* MoodChartView.swift */,
				A0CC9B4927A0593B00F16287 /* PieChartSlice.swift */,
			);
			path = View;
			sourceTree = "<group>";
		};
		A0A024E2279DD44400B2563E /* ViewModel */ = {
			isa = PBXGroup;
			children = (
				A0A024E3279DD47E00B2563E /* MoodChartViewModel.swift */,
			);
			path = ViewModel;
			sourceTree = "<group>";
		};
		A0A1314B279370B600FDD6D1 /* Dashboard */ = {
			isa = PBXGroup;
			children = (
				A083D544279967EE00FFD71D /* Model */,
				A0A1314C279370CD00FDD6D1 /* View */,
			);
			path = Dashboard;
			sourceTree = "<group>";
		};
		A0A1314C279370CD00FDD6D1 /* View */ = {
			isa = PBXGroup;
			children = (
				A0A1314D279370E100FDD6D1 /* DashboardView.swift */,
				A082C43E279422D10040B969 /* DashboardCardView.swift */,
			);
			path = View;
			sourceTree = "<group>";
		};
		A0AD0B46277CDCBB006EE7F7 /* EtchedTests */ = {
			isa = PBXGroup;
			children = (
				A0AD0B47277CDCBB006EE7F7 /* EtchedTests.swift */,
				A0AD0B4E277CF0E4006EE7F7 /* JournalViewModelTests.swift */,
			);
			path = EtchedTests;
			sourceTree = "<group>";
		};
		A0B20CA527A1C8AE007E2125 /* Settings */ = {
			isa = PBXGroup;
			children = (
				A0B20CA727A1C8D9007E2125 /* ViewModel */,
				A0B20CA627A1C8D0007E2125 /* View */,
			);
			path = Settings;
			sourceTree = "<group>";
		};
		A0B20CA627A1C8D0007E2125 /* View */ = {
			isa = PBXGroup;
			children = (
				A0B20CA827A1C8FA007E2125 /* SettingsView.swift */,
				A0AC7B2D27A2D4A10030CD40 /* SetPassCode.swift */,
			);
			path = View;
			sourceTree = "<group>";
		};
		A0B20CA727A1C8D9007E2125 /* ViewModel */ = {
			isa = PBXGroup;
			children = (
				A0B49A0827A6DE2300D9ABE6 /* SettingsViewModel.swift */,
				A0B49A0E27A84CCF00D9ABE6 /* CloudKitManager.swift */,
			);
			path = ViewModel;
			sourceTree = "<group>";
		};
		A0B49A1127A8577900D9ABE6 /* Frameworks */ = {
			isa = PBXGroup;
			children = (
				A0B49A1227A8577900D9ABE6 /* CloudKit.framework */,
			);
			name = Frameworks;
			sourceTree = "<group>";
		};
		A0CC9B4B27A0599300F16287 /* Model */ = {
			isa = PBXGroup;
			children = (
				A0CC9B4C27A0599E00F16287 /* ChartData.swift */,
			);
			path = Model;
			sourceTree = "<group>";
		};
/* End PBXGroup section */

/* Begin PBXNativeTarget section */
		A09D7A472778687900D11842 /* Etched */ = {
			isa = PBXNativeTarget;
			buildConfigurationList = A09D7A562778687B00D11842 /* Build configuration list for PBXNativeTarget "Etched" */;
			buildPhases = (
				A09D7A442778687900D11842 /* Sources */,
				A09D7A452778687900D11842 /* Frameworks */,
				A09D7A462778687900D11842 /* Resources */,
			);
			buildRules = (
			);
			dependencies = (
			);
			name = Etched;
			packageProductDependencies = (
				A0B49A0627A58E3E00D9ABE6 /* SwiftKeychainWrapper */,
			);
			productName = Etched;
			productReference = A09D7A482778687900D11842 /* Etched.app */;
			productType = "com.apple.product-type.application";
		};
		A0AD0B44277CDCBB006EE7F7 /* EtchedTests */ = {
			isa = PBXNativeTarget;
			buildConfigurationList = A0AD0B4D277CDCBB006EE7F7 /* Build configuration list for PBXNativeTarget "EtchedTests" */;
			buildPhases = (
				A0AD0B41277CDCBB006EE7F7 /* Sources */,
				A0AD0B42277CDCBB006EE7F7 /* Frameworks */,
				A0AD0B43277CDCBB006EE7F7 /* Resources */,
			);
			buildRules = (
			);
			dependencies = (
				A0AD0B4A277CDCBB006EE7F7 /* PBXTargetDependency */,
			);
			name = EtchedTests;
			productName = EtchedTests;
			productReference = A0AD0B45277CDCBB006EE7F7 /* EtchedTests.xctest */;
			productType = "com.apple.product-type.bundle.unit-test";
		};
/* End PBXNativeTarget section */

/* Begin PBXProject section */
		A09D7A402778687900D11842 /* Project object */ = {
			isa = PBXProject;
			attributes = {
				BuildIndependentTargetsInParallel = 1;
				LastSwiftUpdateCheck = 1320;
				LastUpgradeCheck = 1320;
				TargetAttributes = {
					A09D7A472778687900D11842 = {
						CreatedOnToolsVersion = 13.2.1;
					};
					A0AD0B44277CDCBB006EE7F7 = {
						CreatedOnToolsVersion = 13.2.1;
						TestTargetID = A09D7A472778687900D11842;
					};
				};
			};
			buildConfigurationList = A09D7A432778687900D11842 /* Build configuration list for PBXProject "Etched" */;
			compatibilityVersion = "Xcode 13.0";
			developmentRegion = en;
			hasScannedForEncodings = 0;
			knownRegions = (
				en,
				Base,
			);
			mainGroup = A09D7A3F2778687900D11842;
			packageReferences = (
				A0B49A0527A58E3D00D9ABE6 /* XCRemoteSwiftPackageReference "SwiftKeychainWrapper" */,
			);
			productRefGroup = A09D7A492778687900D11842 /* Products */;
			projectDirPath = "";
			projectRoot = "";
			targets = (
				A09D7A472778687900D11842 /* Etched */,
				A0AD0B44277CDCBB006EE7F7 /* EtchedTests */,
			);
		};
/* End PBXProject section */

/* Begin PBXResourcesBuildPhase section */
		A09D7A462778687900D11842 /* Resources */ = {
			isa = PBXResourcesBuildPhase;
			buildActionMask = 2147483647;
			files = (
				A083D53D27993F4A00FFD71D /* Nunito-Regular.ttf in Resources */,
				A09D7A532778687B00D11842 /* Preview Assets.xcassets in Resources */,
				A083D54027993F4A00FFD71D /* Nunito-Light.ttf in Resources */,
				A083D53E27993F4A00FFD71D /* Nunito-Bold.ttf in Resources */,
				A083D54127993F4A00FFD71D /* Nunito-Medium.ttf in Resources */,
				A083D54227993F4A00FFD71D /* Nunito-Italic.ttf in Resources */,
				A09D7A502778687B00D11842 /* Assets.xcassets in Resources */,
				A083D53F27993F4A00FFD71D /* Nunito-SemiBold.ttf in Resources */,
				A083D54327993F4A00FFD71D /* Nunito-Black.ttf in Resources */,
			);
			runOnlyForDeploymentPostprocessing = 0;
		};
		A0AD0B43277CDCBB006EE7F7 /* Resources */ = {
			isa = PBXResourcesBuildPhase;
			buildActionMask = 2147483647;
			files = (
			);
			runOnlyForDeploymentPostprocessing = 0;
		};
/* End PBXResourcesBuildPhase section */

/* Begin PBXSourcesBuildPhase section */
		A09D7A442778687900D11842 /* Sources */ = {
			isa = PBXSourcesBuildPhase;
			buildActionMask = 2147483647;
			files = (
				A0A12ECE27866E7600945E6F /* PhotoPickerController.swift in Sources */,
				A0C4CCE2278420650079B525 /* String+Extension.swift in Sources */,
				A083D5462799680900FFD71D /* Dashboard.swift in Sources */,
				A082353F27798AE0006B9FAE /* MoodMO+CoreDataProperties.swift in Sources */,
				A09E4C0C278DA6BF00EC2552 /* AddPlaceViewModel.swift in Sources */,
				A0823565277B2525006B9FAE /* OptionalBinding.swift in Sources */,
				A08206B0277DE1C10036D8B9 /* AddEditJournalViewModel.swift in Sources */,
				A09FE8C427897FCB00A044D2 /* Date+Extension.swift in Sources */,
				A082353D27798A94006B9FAE /* MoodMO+CoreDataProperties.swift in Sources */,
				A09D7A7B2778DF1F00D11842 /* MoodMO+CoreDataClass.swift in Sources */,
				A09D7A6C2778CEE700D11842 /* JournalListViewModel.swift in Sources */,
				A09D7A5B2778698C00D11842 /* OnboardingView.swift in Sources */,
				A09D7A6A2778C25B00D11842 /* Journal.swift in Sources */,
				A09D7A5F277869C700D11842 /* Page.swift in Sources */,
				A0B49A0F27A84CCF00D9ABE6 /* CloudKitManager.swift in Sources */,
				A0A024DD279DCC3B00B2563E /* Font+Extension.swift in Sources */,
				A09E4C0E278DA6CF00EC2552 /* AddPlaceView.swift in Sources */,
				A082353B27798A88006B9FAE /* LocationMO+CoreDataProperties.swift in Sources */,
				A09D7A4E2778687900D11842 /* ContentView.swift in Sources */,
				A08937FB278E9CFC0049D720 /* Alert+Extension.swift in Sources */,
				A09D7A722778D41D00D11842 /* JournalMO.xcdatamodeld in Sources */,
				A09D7A612778726B00D11842 /* ViewRouter.swift in Sources */,
				A0B20CA927A1C8FA007E2125 /* SettingsView.swift in Sources */,
				A0823567277B7704006B9FAE /* LegacyTextView.swift in Sources */,
				A083D5482799738D00FFD71D /* PlacesView.swift in Sources */,
				A09D7A64277893B600D11842 /* MainTabView.swift in Sources */,
				A09D7A66277896B200D11842 /* MainTabPage.swift in Sources */,
				A09FE8D4278C3BF700A044D2 /* ImagePickerController.swift in Sources */,
				A0B49A0B27A7036100D9ABE6 /* UIApplication.swift in Sources */,
				A09D7A7D2778DF1F00D11842 /* JournalMO+CoreDataClass.swift in Sources */,
				A09FE8C627897FDB00A044D2 /* View+Extension.swift in Sources */,
				A09D7A682778B34500D11842 /* JournalListView.swift in Sources */,
				A0CC9B4F27A05A3D00F16287 /* MoodCoreDataHelper.swift in Sources */,
				A09D7A802778E6C700D11842 /* CoreDataHelper.swift in Sources */,
				A09FE8D2278AEC4900A044D2 /* DetailViewModel.swift in Sources */,
				A0823563277B140F006B9FAE /* AddJournalView.swift in Sources */,
				A09D7A5D277869A000D11842 /* OnboardingPageView.swift in Sources */,
				A082C43F279422D10040B969 /* DashboardCardView.swift in Sources */,
				A083D54C2799817500FFD71D /* PlacesCoreDataHelper.swift in Sources */,
				A09FE8C827897FEA00A044D2 /* FileManager+Extension.swift in Sources */,
				A083D54A2799777300FFD71D /* PlacesViewModel.swift in Sources */,
				A0A1314E279370E100FDD6D1 /* DashboardView.swift in Sources */,
				A0CC9B4D27A0599E00F16287 /* ChartData.swift in Sources */,
				A09FE8CE278AB46E00A044D2 /* JournalDetailView.swift in Sources */,
				A09D7A4C2778687900D11842 /* EtchedApp.swift in Sources */,
				A09D7A7E2778DF1F00D11842 /* JournalMO+CoreDataProperties.swift in Sources */,
				A09FE8D0278AE65C00A044D2 /* UIImage+Extension.swift in Sources */,
				A0A024E1279DCEEA00B2563E /* MoodChartView.swift in Sources */,
				A09D7A7A2778DF1F00D11842 /* LocationMO+CoreDataProperties.swift in Sources */,
				A08206AE277DCB050036D8B9 /* PersistenceController.swift in Sources */,
				A0AC7B2E27A2D4A20030CD40 /* SetPassCode.swift in Sources */,
				A08937FE278F13CB0049D720 /* Location.swift in Sources */,
				A0823541277A314B006B9FAE /* JournalCardView.swift in Sources */,
				A09D7A792778DF1F00D11842 /* LocationMO+CoreDataClass.swift in Sources */,
				A0A024E4279DD47E00B2563E /* MoodChartViewModel.swift in Sources */,
				A09E4C07278DA02100EC2552 /* LocationManager.swift in Sources */,
				A0CC9B4A27A0593B00F16287 /* PieChartSlice.swift in Sources */,
				A0B49A0927A6DE2300D9ABE6 /* SettingsViewModel.swift in Sources */,
			);
			runOnlyForDeploymentPostprocessing = 0;
		};
		A0AD0B41277CDCBB006EE7F7 /* Sources */ = {
			isa = PBXSourcesBuildPhase;
			buildActionMask = 2147483647;
			files = (
				A0AD0B4F277CF0E4006EE7F7 /* JournalViewModelTests.swift in Sources */,
				A0AD0B48277CDCBB006EE7F7 /* EtchedTests.swift in Sources */,
			);
			runOnlyForDeploymentPostprocessing = 0;
		};
/* End PBXSourcesBuildPhase section */

/* Begin PBXTargetDependency section */
		A0AD0B4A277CDCBB006EE7F7 /* PBXTargetDependency */ = {
			isa = PBXTargetDependency;
			target = A09D7A472778687900D11842 /* Etched */;
			targetProxy = A0AD0B49277CDCBB006EE7F7 /* PBXContainerItemProxy */;
		};
/* End PBXTargetDependency section */

/* Begin XCBuildConfiguration section */
		A09D7A542778687B00D11842 /* Debug */ = {
			isa = XCBuildConfiguration;
			buildSettings = {
				ALWAYS_SEARCH_USER_PATHS = NO;
				CLANG_ANALYZER_NONNULL = YES;
				CLANG_ANALYZER_NUMBER_OBJECT_CONVERSION = YES_AGGRESSIVE;
				CLANG_CXX_LANGUAGE_STANDARD = "gnu++17";
				CLANG_CXX_LIBRARY = "libc++";
				CLANG_ENABLE_MODULES = YES;
				CLANG_ENABLE_OBJC_ARC = YES;
				CLANG_ENABLE_OBJC_WEAK = YES;
				CLANG_WARN_BLOCK_CAPTURE_AUTORELEASING = YES;
				CLANG_WARN_BOOL_CONVERSION = YES;
				CLANG_WARN_COMMA = YES;
				CLANG_WARN_CONSTANT_CONVERSION = YES;
				CLANG_WARN_DEPRECATED_OBJC_IMPLEMENTATIONS = YES;
				CLANG_WARN_DIRECT_OBJC_ISA_USAGE = YES_ERROR;
				CLANG_WARN_DOCUMENTATION_COMMENTS = YES;
				CLANG_WARN_EMPTY_BODY = YES;
				CLANG_WARN_ENUM_CONVERSION = YES;
				CLANG_WARN_INFINITE_RECURSION = YES;
				CLANG_WARN_INT_CONVERSION = YES;
				CLANG_WARN_NON_LITERAL_NULL_CONVERSION = YES;
				CLANG_WARN_OBJC_IMPLICIT_RETAIN_SELF = YES;
				CLANG_WARN_OBJC_LITERAL_CONVERSION = YES;
				CLANG_WARN_OBJC_ROOT_CLASS = YES_ERROR;
				CLANG_WARN_QUOTED_INCLUDE_IN_FRAMEWORK_HEADER = YES;
				CLANG_WARN_RANGE_LOOP_ANALYSIS = YES;
				CLANG_WARN_STRICT_PROTOTYPES = YES;
				CLANG_WARN_SUSPICIOUS_MOVE = YES;
				CLANG_WARN_UNGUARDED_AVAILABILITY = YES_AGGRESSIVE;
				CLANG_WARN_UNREACHABLE_CODE = YES;
				CLANG_WARN__DUPLICATE_METHOD_MATCH = YES;
				COPY_PHASE_STRIP = NO;
				DEBUG_INFORMATION_FORMAT = dwarf;
				ENABLE_STRICT_OBJC_MSGSEND = YES;
				ENABLE_TESTABILITY = YES;
				GCC_C_LANGUAGE_STANDARD = gnu11;
				GCC_DYNAMIC_NO_PIC = NO;
				GCC_NO_COMMON_BLOCKS = YES;
				GCC_OPTIMIZATION_LEVEL = 0;
				GCC_PREPROCESSOR_DEFINITIONS = (
					"DEBUG=1",
					"$(inherited)",
				);
				GCC_WARN_64_TO_32_BIT_CONVERSION = YES;
				GCC_WARN_ABOUT_RETURN_TYPE = YES_ERROR;
				GCC_WARN_UNDECLARED_SELECTOR = YES;
				GCC_WARN_UNINITIALIZED_AUTOS = YES_AGGRESSIVE;
				GCC_WARN_UNUSED_FUNCTION = YES;
				GCC_WARN_UNUSED_VARIABLE = YES;
				IPHONEOS_DEPLOYMENT_TARGET = 15.0;
				MTL_ENABLE_DEBUG_INFO = INCLUDE_SOURCE;
				MTL_FAST_MATH = YES;
				ONLY_ACTIVE_ARCH = YES;
				SDKROOT = iphoneos;
				SWIFT_ACTIVE_COMPILATION_CONDITIONS = DEBUG;
				SWIFT_OPTIMIZATION_LEVEL = "-Onone";
			};
			name = Debug;
		};
		A09D7A552778687B00D11842 /* Release */ = {
			isa = XCBuildConfiguration;
			buildSettings = {
				ALWAYS_SEARCH_USER_PATHS = NO;
				CLANG_ANALYZER_NONNULL = YES;
				CLANG_ANALYZER_NUMBER_OBJECT_CONVERSION = YES_AGGRESSIVE;
				CLANG_CXX_LANGUAGE_STANDARD = "gnu++17";
				CLANG_CXX_LIBRARY = "libc++";
				CLANG_ENABLE_MODULES = YES;
				CLANG_ENABLE_OBJC_ARC = YES;
				CLANG_ENABLE_OBJC_WEAK = YES;
				CLANG_WARN_BLOCK_CAPTURE_AUTORELEASING = YES;
				CLANG_WARN_BOOL_CONVERSION = YES;
				CLANG_WARN_COMMA = YES;
				CLANG_WARN_CONSTANT_CONVERSION = YES;
				CLANG_WARN_DEPRECATED_OBJC_IMPLEMENTATIONS = YES;
				CLANG_WARN_DIRECT_OBJC_ISA_USAGE = YES_ERROR;
				CLANG_WARN_DOCUMENTATION_COMMENTS = YES;
				CLANG_WARN_EMPTY_BODY = YES;
				CLANG_WARN_ENUM_CONVERSION = YES;
				CLANG_WARN_INFINITE_RECURSION = YES;
				CLANG_WARN_INT_CONVERSION = YES;
				CLANG_WARN_NON_LITERAL_NULL_CONVERSION = YES;
				CLANG_WARN_OBJC_IMPLICIT_RETAIN_SELF = YES;
				CLANG_WARN_OBJC_LITERAL_CONVERSION = YES;
				CLANG_WARN_OBJC_ROOT_CLASS = YES_ERROR;
				CLANG_WARN_QUOTED_INCLUDE_IN_FRAMEWORK_HEADER = YES;
				CLANG_WARN_RANGE_LOOP_ANALYSIS = YES;
				CLANG_WARN_STRICT_PROTOTYPES = YES;
				CLANG_WARN_SUSPICIOUS_MOVE = YES;
				CLANG_WARN_UNGUARDED_AVAILABILITY = YES_AGGRESSIVE;
				CLANG_WARN_UNREACHABLE_CODE = YES;
				CLANG_WARN__DUPLICATE_METHOD_MATCH = YES;
				COPY_PHASE_STRIP = NO;
				DEBUG_INFORMATION_FORMAT = "dwarf-with-dsym";
				ENABLE_NS_ASSERTIONS = NO;
				ENABLE_STRICT_OBJC_MSGSEND = YES;
				GCC_C_LANGUAGE_STANDARD = gnu11;
				GCC_NO_COMMON_BLOCKS = YES;
				GCC_WARN_64_TO_32_BIT_CONVERSION = YES;
				GCC_WARN_ABOUT_RETURN_TYPE = YES_ERROR;
				GCC_WARN_UNDECLARED_SELECTOR = YES;
				GCC_WARN_UNINITIALIZED_AUTOS = YES_AGGRESSIVE;
				GCC_WARN_UNUSED_FUNCTION = YES;
				GCC_WARN_UNUSED_VARIABLE = YES;
				IPHONEOS_DEPLOYMENT_TARGET = 15.0;
				MTL_ENABLE_DEBUG_INFO = NO;
				MTL_FAST_MATH = YES;
				SDKROOT = iphoneos;
				SWIFT_COMPILATION_MODE = wholemodule;
				SWIFT_OPTIMIZATION_LEVEL = "-O";
				VALIDATE_PRODUCT = YES;
			};
			name = Release;
		};
		A09D7A572778687B00D11842 /* Debug */ = {
			isa = XCBuildConfiguration;
			buildSettings = {
				ASSETCATALOG_COMPILER_APPICON_NAME = AppIcon;
				ASSETCATALOG_COMPILER_GLOBAL_ACCENT_COLOR_NAME = AccentColor;
				CODE_SIGN_ENTITLEMENTS = Etched/Etched.entitlements;
				CODE_SIGN_STYLE = Automatic;
				CURRENT_PROJECT_VERSION = 1;
				DEVELOPMENT_ASSET_PATHS = "\"Etched/Preview Content\"";
				DEVELOPMENT_TEAM = 2EYKMSN9F8;
				ENABLE_PREVIEWS = YES;
				GENERATE_INFOPLIST_FILE = YES;
				INFOPLIST_FILE = Etched/Info.plist;
				INFOPLIST_KEY_NSCameraUsageDescription = "Capture moments in your journal";
				INFOPLIST_KEY_NSLocationWhenInUseUsageDescription = "This lets you capture places in your journal entry";
				INFOPLIST_KEY_NSPhotoLibraryAddUsageDescription = "Capture moments in your journal";
				INFOPLIST_KEY_UIApplicationSceneManifest_Generation = YES;
				INFOPLIST_KEY_UIApplicationSupportsIndirectInputEvents = YES;
				INFOPLIST_KEY_UILaunchScreen_Generation = YES;
				INFOPLIST_KEY_UISupportedInterfaceOrientations_iPad = "UIInterfaceOrientationPortrait UIInterfaceOrientationPortraitUpsideDown UIInterfaceOrientationLandscapeLeft UIInterfaceOrientationLandscapeRight";
				INFOPLIST_KEY_UISupportedInterfaceOrientations_iPhone = "UIInterfaceOrientationPortrait UIInterfaceOrientationLandscapeLeft UIInterfaceOrientationLandscapeRight";
				IPHONEOS_DEPLOYMENT_TARGET = 15.0;
				LD_RUNPATH_SEARCH_PATHS = (
					"$(inherited)",
					"@executable_path/Frameworks",
				);
				MARKETING_VERSION = 1.0;
				PRODUCT_BUNDLE_IDENTIFIER = com.yemigabriel.Etched;
				PRODUCT_NAME = "$(TARGET_NAME)";
				SWIFT_EMIT_LOC_STRINGS = YES;
				SWIFT_VERSION = 5.0;
				TARGETED_DEVICE_FAMILY = 1;
			};
			name = Debug;
		};
		A09D7A582778687B00D11842 /* Release */ = {
			isa = XCBuildConfiguration;
			buildSettings = {
				ASSETCATALOG_COMPILER_APPICON_NAME = AppIcon;
				ASSETCATALOG_COMPILER_GLOBAL_ACCENT_COLOR_NAME = AccentColor;
				CODE_SIGN_ENTITLEMENTS = Etched/Etched.entitlements;
				CODE_SIGN_STYLE = Automatic;
				CURRENT_PROJECT_VERSION = 1;
				DEVELOPMENT_ASSET_PATHS = "\"Etched/Preview Content\"";
				DEVELOPMENT_TEAM = 2EYKMSN9F8;
				ENABLE_PREVIEWS = YES;
				GENERATE_INFOPLIST_FILE = YES;
				INFOPLIST_FILE = Etched/Info.plist;
				INFOPLIST_KEY_NSCameraUsageDescription = "Capture moments in your journal";
				INFOPLIST_KEY_NSLocationWhenInUseUsageDescription = "This lets you capture places in your journal entry";
				INFOPLIST_KEY_NSPhotoLibraryAddUsageDescription = "Capture moments in your journal";
				INFOPLIST_KEY_UIApplicationSceneManifest_Generation = YES;
				INFOPLIST_KEY_UIApplicationSupportsIndirectInputEvents = YES;
				INFOPLIST_KEY_UILaunchScreen_Generation = YES;
				INFOPLIST_KEY_UISupportedInterfaceOrientations_iPad = "UIInterfaceOrientationPortrait UIInterfaceOrientationPortraitUpsideDown UIInterfaceOrientationLandscapeLeft UIInterfaceOrientationLandscapeRight";
				INFOPLIST_KEY_UISupportedInterfaceOrientations_iPhone = "UIInterfaceOrientationPortrait UIInterfaceOrientationLandscapeLeft UIInterfaceOrientationLandscapeRight";
				IPHONEOS_DEPLOYMENT_TARGET = 15.0;
				LD_RUNPATH_SEARCH_PATHS = (
					"$(inherited)",
					"@executable_path/Frameworks",
				);
				MARKETING_VERSION = 1.0;
				PRODUCT_BUNDLE_IDENTIFIER = com.yemigabriel.Etched;
				PRODUCT_NAME = "$(TARGET_NAME)";
				SWIFT_EMIT_LOC_STRINGS = YES;
				SWIFT_VERSION = 5.0;
				TARGETED_DEVICE_FAMILY = 1;
			};
			name = Release;
		};
		A0AD0B4B277CDCBB006EE7F7 /* Debug */ = {
			isa = XCBuildConfiguration;
			buildSettings = {
				BUNDLE_LOADER = "$(TEST_HOST)";
				CODE_SIGN_STYLE = Automatic;
				CURRENT_PROJECT_VERSION = 1;
				DEVELOPMENT_TEAM = 2EYKMSN9F8;
				GENERATE_INFOPLIST_FILE = YES;
				MARKETING_VERSION = 1.0;
				PRODUCT_BUNDLE_IDENTIFIER = com.yemigabriel.EtchedTests;
				PRODUCT_NAME = "$(TARGET_NAME)";
				SWIFT_EMIT_LOC_STRINGS = NO;
				SWIFT_VERSION = 5.0;
				TARGETED_DEVICE_FAMILY = "1,2";
				TEST_HOST = "$(BUILT_PRODUCTS_DIR)/Etched.app/Etched";
			};
			name = Debug;
		};
		A0AD0B4C277CDCBB006EE7F7 /* Release */ = {
			isa = XCBuildConfiguration;
			buildSettings = {
				BUNDLE_LOADER = "$(TEST_HOST)";
				CODE_SIGN_STYLE = Automatic;
				CURRENT_PROJECT_VERSION = 1;
				DEVELOPMENT_TEAM = 2EYKMSN9F8;
				GENERATE_INFOPLIST_FILE = YES;
				MARKETING_VERSION = 1.0;
				PRODUCT_BUNDLE_IDENTIFIER = com.yemigabriel.EtchedTests;
				PRODUCT_NAME = "$(TARGET_NAME)";
				SWIFT_EMIT_LOC_STRINGS = NO;
				SWIFT_VERSION = 5.0;
				TARGETED_DEVICE_FAMILY = "1,2";
				TEST_HOST = "$(BUILT_PRODUCTS_DIR)/Etched.app/Etched";
			};
			name = Release;
		};
/* End XCBuildConfiguration section */

/* Begin XCConfigurationList section */
		A09D7A432778687900D11842 /* Build configuration list for PBXProject "Etched" */ = {
			isa = XCConfigurationList;
			buildConfigurations = (
				A09D7A542778687B00D11842 /* Debug */,
				A09D7A552778687B00D11842 /* Release */,
			);
			defaultConfigurationIsVisible = 0;
			defaultConfigurationName = Release;
		};
		A09D7A562778687B00D11842 /* Build configuration list for PBXNativeTarget "Etched" */ = {
			isa = XCConfigurationList;
			buildConfigurations = (
				A09D7A572778687B00D11842 /* Debug */,
				A09D7A582778687B00D11842 /* Release */,
			);
			defaultConfigurationIsVisible = 0;
			defaultConfigurationName = Release;
		};
		A0AD0B4D277CDCBB006EE7F7 /* Build configuration list for PBXNativeTarget "EtchedTests" */ = {
			isa = XCConfigurationList;
			buildConfigurations = (
				A0AD0B4B277CDCBB006EE7F7 /* Debug */,
				A0AD0B4C277CDCBB006EE7F7 /* Release */,
			);
			defaultConfigurationIsVisible = 0;
			defaultConfigurationName = Release;
		};
/* End XCConfigurationList section */

/* Begin XCRemoteSwiftPackageReference section */
		A0B49A0527A58E3D00D9ABE6 /* XCRemoteSwiftPackageReference "SwiftKeychainWrapper" */ = {
			isa = XCRemoteSwiftPackageReference;
			repositoryURL = "https://github.com/jrendel/SwiftKeychainWrapper";
			requirement = {
				kind = upToNextMajorVersion;
				minimumVersion = 4.0.0;
			};
		};
/* End XCRemoteSwiftPackageReference section */

/* Begin XCSwiftPackageProductDependency section */
		A0B49A0627A58E3E00D9ABE6 /* SwiftKeychainWrapper */ = {
			isa = XCSwiftPackageProductDependency;
			package = A0B49A0527A58E3D00D9ABE6 /* XCRemoteSwiftPackageReference "SwiftKeychainWrapper" */;
			productName = SwiftKeychainWrapper;
		};
/* End XCSwiftPackageProductDependency section */

/* Begin XCVersionGroup section */
		A09D7A702778D41D00D11842 /* JournalMO.xcdatamodeld */ = {
			isa = XCVersionGroup;
			children = (
				A09D7A712778D41D00D11842 /* JournalMO.xcdatamodel */,
			);
			currentVersion = A09D7A712778D41D00D11842 /* JournalMO.xcdatamodel */;
			path = JournalMO.xcdatamodeld;
			sourceTree = "<group>";
			versionGroupType = wrapper.xcdatamodel;
		};
/* End XCVersionGroup section */
	};
	rootObject = A09D7A402778687900D11842 /* Project object */;
}
